
Microsoft Visual Studio Solution File, Format Version 12.00
# Visual Studio 14
VisualStudioVersion = 14.0.25123.0
MinimumVisualStudioVersion = 10.0.40219.1
Project("{0CF9AC0A-D378-47F2-9ABF-A83031AF6FAA}") = "Sitecore.Support.195567", "Sitecore.Support.195567\Sitecore.Support.195567.csproj", "{2F1E9B8B-5038-45CB-8498-517A729B1C51}"
EndProject
Global
	GlobalSection(SolutionConfigurationPlatforms) = preSolution
		Debug|Any CPU = Debug|Any CPU
		Release|Any CPU = Release|Any CPU
	EndGlobalSection
	GlobalSection(ProjectConfigurationPlatforms) = postSolution
		{2F1E9B8B-5038-45CB-8498-517A729B1C51}.Debug|Any CPU.ActiveCfg = Debug|Any CPU
		{2F1E9B8B-5038-45CB-8498-517A729B1C51}.Debug|Any CPU.Build.0 = Debug|Any CPU
		{2F1E9B8B-5038-45CB-8498-517A729B1C51}.Release|Any CPU.ActiveCfg = Release|Any CPU
		{2F1E9B8B-5038-45CB-8498-517A729B1C51}.Release|Any CPU.Build.0 = Release|Any CPU
	EndGlobalSection
	GlobalSection(SolutionProperties) = preSolution
		HideSolutionNode = FALSE
	EndGlobalSection
EndGlobal
